
Microsoft Visual Studio Solution File, Format Version 12.00
# Visual Studio 2013
VisualStudioVersion = 12.0.31101.0
MinimumVisualStudioVersion = 10.0.40219.1
Project("{8BC9CEB8-8B4A-11D0-8D11-00A0C91BC942}") = "shader-2015-12-15", "shader-2015-12-15.vcxproj", "{4FCA64B7-4B76-494C-967A-8259937ADB04}"
EndProject
Global
	GlobalSection(SolutionConfigurationPlatforms) = preSolution
		Debug|Win32 = Debug|Win32
		Release|Win32 = Release|Win32
	EndGlobalSection
	GlobalSection(ProjectConfigurationPlatforms) = postSolution
		{4FCA64B7-4B76-494C-967A-8259937ADB04}.Debug|Win32.ActiveCfg = Debug|Win32
		{4FCA64B7-4B76-494C-967A-8259937ADB04}.Debug|Win32.Build.0 = Debug|Win32
		{4FCA64B7-4B76-494C-967A-8259937ADB04}.Release|Win32.ActiveCfg = Release|Win32
		{4FCA64B7-4B76-494C-967A-8259937ADB04}.Release|Win32.Build.0 = Release|Win32
	EndGlobalSection
	GlobalSection(SolutionProperties) = preSolution
		HideSolutionNode = FALSE
	EndGlobalSection
EndGlobal
